<?xml version="1.0" encoding="utf-8"?>
<Project ToolsVersion="4.0" xmlns="http://schemas.microsoft.com/developer/msbuild/2003">
  <ItemGroup>
    <Filter Include="Main">
      <UniqueIdentifier>{51909714-0bd1-40ed-abd9-96ed3320f948}</UniqueIdentifier>
    </Filter>
    <Filter Include="ClientHN">
      <UniqueIdentifier>{d5f09012-3d88-4964-9522-d228be8b2932}</UniqueIdentifier>
    </Filter>
    <Filter Include="ClientHN\Scene">
      <UniqueIdentifier>{7d3bbea5-f9bb-4f45-92e1-1b5021f395d2}</UniqueIdentifier>
    </Filter>
  </ItemGroup>
  <ItemGroup>
    <ClCompile Include="..\Classes\ClientHN\Main\AppDelegate.cpp">
      <Filter>Main</Filter>
    </ClCompile>
    <ClCompile Include="..\Classes\ClientHN\WindowsMain\main.cpp" />
    <ClCompile Include="..\Classes\ClientHN\HNGameManager.cpp">
      <Filter>ClientHN</Filter>
    </ClCompile>
    <ClCompile Include="..\Classes\ClientHN\HNGameManager_Game.cpp">
      <Filter>ClientHN</Filter>
    </ClCompile>
    <ClCompile Include="..\Classes\ClientHN\Main\HNGame.cpp">
      <Filter>Main</Filter>
    </ClCompile>
    <ClCompile Include="..\Classes\ClientHN\Scene\HNGameRecord.cpp">
      <Filter>ClientHN\Scene</Filter>
    </ClCompile>
    <ClCompile Include="..\Classes\ClientHN\Scene\HNHelpScence.cpp">
      <Filter>ClientHN\Scene</Filter>
    </ClCompile>
    <ClCompile Include="..\Classes\ClientHN\Scene\HNHomeScence.cpp">
      <Filter>ClientHN\Scene</Filter>
    </ClCompile>
    <ClCompile Include="..\Classes\ClientHN\Scene\HNHomeScence_Button.cpp">
      <Filter>ClientHN\Scene</Filter>
    </ClCompile>
    <ClCompile Include="..\Classes\ClientHN\Scene\HNHomeScence_Sink.cpp">
      <Filter>ClientHN\Scene</Filter>
    </ClCompile>
    <ClCompile Include="..\Classes\ClientHN\Scene\HNLogonScence.cpp">
      <Filter>ClientHN\Scene</Filter>
    </ClCompile>
    <ClCompile Include="..\Classes\ClientHN\Scene\HNMessageScence.cpp">
      <Filter>ClientHN\Scene</Filter>
    </ClCompile>
    <ClCompile Include="..\Classes\ClientHN\Scene\HNScenceManager.cpp">
      <Filter>ClientHN\Scene</Filter>
    </ClCompile>
    <ClCompile Include="..\Classes\ClientHN\Scene\HNSetScence.cpp">
      <Filter>ClientHN\Scene</Filter>
    </ClCompile>
    <ClCompile Include="..\Classes\ClientHN\Scene\HNPrivateScenceHN.cpp">
      <Filter>ClientHN\Scene</Filter>
    </ClCompile>
  </ItemGroup>
  <ItemGroup>
    <ClInclude Include="..\Classes\ClientHN\Main\AppDelegate.h">
      <Filter>Main</Filter>
    </ClInclude>
    <ClInclude Include="..\Classes\ClientHN\WindowsMain\main.h" />
    <ClInclude Include="..\Classes\ClientHN\HNGameManager.h">
      <Filter>ClientHN</Filter>
    </ClInclude>
    <ClInclude Include="..\Classes\ClientHN\Main\HNGame.h">
      <Filter>Main</Filter>
    </ClInclude>
    <ClInclude Include="..\Classes\ClientHN\Scene\HNGameRecord.h">
      <Filter>ClientHN\Scene</Filter>
    </ClInclude>
    <ClInclude Include="..\Classes\ClientHN\Scene\HNHelpScence.h">
      <Filter>ClientHN\Scene</Filter>
    </ClInclude>
    <ClInclude Include="..\Classes\ClientHN\Scene\HNHomeScence.h">
      <Filter>ClientHN\Scene</Filter>
    </ClInclude>
    <ClInclude Include="..\Classes\ClientHN\Scene\HNLogonScence.h">
      <Filter>ClientHN\Scene</Filter>
    </ClInclude>
    <ClInclude Include="..\Classes\ClientHN\Scene\HNMessageScence.h">
      <Filter>ClientHN\Scene</Filter>
    </ClInclude>
    <ClInclude Include="..\Classes\ClientHN\Scene\HNScenceManager.h">
      <Filter>ClientHN\Scene</Filter>
    </ClInclude>
    <ClInclude Include="..\Classes\ClientHN\Scene\HNSetScence.h">
      <Filter>ClientHN\Scene</Filter>
    </ClInclude>
    <ClInclude Include="..\Classes\ClientHN\Scene\HNPrivateScenceHN.h">
      <Filter>ClientHN\Scene</Filter>
    </ClInclude>
  </ItemGroup>
</Project>